
Microsoft Visual Studio Solution File, Format Version 12.00
# Visual Studio 15
VisualStudioVersion = 15.0.27428.2005
MinimumVisualStudioVersion = 10.0.40219.1
Project("{FAE04EC0-301F-11D3-BF4B-00C04F79EFBC}") = "ServiceGeneric", "ServiceGeneric\ServiceGeneric.csproj", "{2644CFA2-E02A-49DB-9301-7D771DE56249}"
EndProject
Project("{FAE04EC0-301F-11D3-BF4B-00C04F79EFBC}") = "CatchException", "..\..\CatchException\V2\CatchException\CatchException.csproj", "{93A3FBFF-3CFD-460C-AF54-8CC3A06BBB43}"
EndProject
Project("{FAE04EC0-301F-11D3-BF4B-00C04F79EFBC}") = "WebServer", "..\..\EmbeddedWebServer\WebServer\WebServer\WebServer.csproj", "{B71137E0-FD31-47F2-9B56-C6C386A25083}"
EndProject
Global
	GlobalSection(SolutionConfigurationPlatforms) = preSolution
		Debug|Any CPU = Debug|Any CPU
		Release|Any CPU = Release|Any CPU
	EndGlobalSection
	GlobalSection(ProjectConfigurationPlatforms) = postSolution
		{2644CFA2-E02A-49DB-9301-7D771DE56249}.Debug|Any CPU.ActiveCfg = Debug|Any CPU
		{2644CFA2-E02A-49DB-9301-7D771DE56249}.Debug|Any CPU.Build.0 = Debug|Any CPU
		{2644CFA2-E02A-49DB-9301-7D771DE56249}.Release|Any CPU.ActiveCfg = Release|Any CPU
		{2644CFA2-E02A-49DB-9301-7D771DE56249}.Release|Any CPU.Build.0 = Release|Any CPU
		{93A3FBFF-3CFD-460C-AF54-8CC3A06BBB43}.Debug|Any CPU.ActiveCfg = Debug|Any CPU
		{93A3FBFF-3CFD-460C-AF54-8CC3A06BBB43}.Debug|Any CPU.Build.0 = Debug|Any CPU
		{93A3FBFF-3CFD-460C-AF54-8CC3A06BBB43}.Release|Any CPU.ActiveCfg = Release|Any CPU
		{93A3FBFF-3CFD-460C-AF54-8CC3A06BBB43}.Release|Any CPU.Build.0 = Release|Any CPU
		{B71137E0-FD31-47F2-9B56-C6C386A25083}.Debug|Any CPU.ActiveCfg = Debug|Any CPU
		{B71137E0-FD31-47F2-9B56-C6C386A25083}.Debug|Any CPU.Build.0 = Debug|Any CPU
		{B71137E0-FD31-47F2-9B56-C6C386A25083}.Release|Any CPU.ActiveCfg = Release|Any CPU
		{B71137E0-FD31-47F2-9B56-C6C386A25083}.Release|Any CPU.Build.0 = Release|Any CPU
	EndGlobalSection
	GlobalSection(SolutionProperties) = preSolution
		HideSolutionNode = FALSE
	EndGlobalSection
	GlobalSection(ExtensibilityGlobals) = postSolution
		SolutionGuid = {CD4A7989-1480-4F55-810B-EBBE88FD6F1D}
	EndGlobalSection
EndGlobal
